<?xml version="1.0" encoding="utf-8"?>
<Project ToolsVersion="4.0" xmlns="http://schemas.microsoft.com/developer/msbuild/2003">
  <ItemGroup>
    <ClCompile Include="source\propertyset.cpp">
      <Filter>Source Files</Filter>
    </ClCompile>
    <ClCompile Include="source\stdafx.cpp">
      <Filter>Source Files</Filter>
    </ClCompile>
    <ClCompile Include="source\deviceimpl.cpp">
      <Filter>Source Files</Filter>
    </ClCompile>
    <ClCompile Include="source\consoleoutput.cpp">
      <Filter>Source Files</Filter>
    </ClCompile>
    <ClCompile Include="source\memoryutils.cpp">
      <Filter>Source Files</Filter>
    </ClCompile>
  </ItemGroup>
  <ItemGroup>
    <ClInclude Include="..\h\at\atcore\device.h">
      <Filter>Interface Files</Filter>
    </ClInclude>
    <ClInclude Include="..\h\at\atcore\propertyset.h">
      <Filter>Interface Files</Filter>
    </ClInclude>
    <ClInclude Include="h\stdafx.h">
      <Filter>Header Files</Filter>
    </ClInclude>
    <ClInclude Include="..\h\at\atcore\deviceimpl.h">
      <Filter>Interface Files</Filter>
    </ClInclude>
    <ClInclude Include="..\h\at\atcore\consoleoutput.h">
      <Filter>Interface Files</Filter>
    </ClInclude>
    <ClInclude Include="..\h\at\atcore\devicevideo.h">
      <Filter>Interface Files</Filter>
    </ClInclude>
    <ClInclude Include="..\h\at\atcore\devicesio.h">
      <Filter>Interface Files</Filter>
    </ClInclude>
    <ClInclude Include="..\h\at\atcore\deviceserial.h">
      <Filter>Interface Files</Filter>
    </ClInclude>
    <ClInclude Include="..\h\at\atcore\cio.h">
      <Filter>Interface Files</Filter>
    </ClInclude>
    <ClInclude Include="..\h\at\atcore\devicecio.h">
      <Filter>Interface Files</Filter>
    </ClInclude>
    <ClInclude Include="..\h\at\atcore\deviceprinter.h">
      <Filter>Interface Files</Filter>
    </ClInclude>
    <ClInclude Include="..\h\at\atcore\memoryutils.h">
      <Filter>Interface Files</Filter>
    </ClInclude>
  </ItemGroup>
  <ItemGroup>
    <Filter Include="Interface Files">
      <UniqueIdentifier>{68011acb-3a9e-47a3-87dc-9b8871b36fc9}</UniqueIdentifier>
    </Filter>
    <Filter Include="Source Files">
      <UniqueIdentifier>{659bebb6-cacc-4977-930f-22dbf8d94b2f}</UniqueIdentifier>
    </Filter>
    <Filter Include="Header Files">
      <UniqueIdentifier>{ee650614-e257-455e-adeb-e53d043cdadc}</UniqueIdentifier>
    </Filter>
  </ItemGroup>
</Project>