<?xml version="1.0" encoding="utf-8"?>
<Project ToolsVersion="4.0" xmlns="http://schemas.microsoft.com/developer/msbuild/2003">
  <ItemGroup>
    <Filter Include="Source Files">
      <UniqueIdentifier>{b80fc401-4ddf-4bd0-ae89-7377ae78ed67}</UniqueIdentifier>
      <Extensions>cpp;c;cxx;rc;def;r;odl;idl;hpj;bat</Extensions>
    </Filter>
    <Filter Include="Header Files">
      <UniqueIdentifier>{c1f4158f-3371-40d3-a1ba-ca07a922d52d}</UniqueIdentifier>
      <Extensions>h;hpp;hxx;hm;inl</Extensions>
    </Filter>
    <Filter Include="Assembly Files %28x86%29">
      <UniqueIdentifier>{44f32a0e-5387-4411-a541-781321449014}</UniqueIdentifier>
      <Extensions>.asm</Extensions>
    </Filter>
    <Filter Include="Shader Files">
      <UniqueIdentifier>{16f0cbf7-386f-48c4-b619-968c8e176318}</UniqueIdentifier>
      <Extensions>fx</Extensions>
    </Filter>
    <Filter Include="Autogenerated Header Files">
      <UniqueIdentifier>{a3e78a5a-8eab-4e40-8ca3-9916eab483b4}</UniqueIdentifier>
    </Filter>
    <Filter Include="Interface Files">
      <UniqueIdentifier>{b14115c1-6189-400d-be03-0e12dfc2cf91}</UniqueIdentifier>
    </Filter>
  </ItemGroup>
  <ItemGroup>
    <ClCompile Include="source\ac_mpeg.cpp">
      <Filter>Source Files</Filter>
    </ClCompile>
    <ClCompile Include="source\ac_xlaw.cpp">
      <Filter>Source Files</Filter>
    </ClCompile>
    <ClCompile Include="source\audiocodec.cpp">
      <Filter>Source Files</Filter>
    </ClCompile>
    <ClCompile Include="source\audioformat.cpp">
      <Filter>Source Files</Filter>
    </ClCompile>
    <ClCompile Include="source\audioout.cpp">
      <Filter>Source Files</Filter>
    </ClCompile>
    <ClCompile Include="source\bitmap.cpp">
      <Filter>Source Files</Filter>
    </ClCompile>
    <ClCompile Include="source\vc_dv.cpp">
      <Filter>Source Files</Filter>
    </ClCompile>
    <ClCompile Include="source\vc_huffyuv.cpp">
      <Filter>Source Files</Filter>
    </ClCompile>
    <ClCompile Include="source\w32audiocodec.cpp">
      <Filter>Source Files</Filter>
    </ClCompile>
    <ClCompile Include="source\w32videocodec.cpp">
      <Filter>Source Files</Filter>
    </ClCompile>
    <ClCompile Include="source\w32videocodecpack.cpp">
      <Filter>Source Files</Filter>
    </ClCompile>
  </ItemGroup>
  <ItemGroup>
    <ClInclude Include="..\h\vd2\Riza\audiocodec.h">
      <Filter>Interface Files</Filter>
    </ClInclude>
    <ClInclude Include="..\h\vd2\Riza\audioformat.h">
      <Filter>Interface Files</Filter>
    </ClInclude>
    <ClInclude Include="..\h\vd2\Riza\audioout.h">
      <Filter>Interface Files</Filter>
    </ClInclude>
    <ClInclude Include="..\h\vd2\Riza\avi.h">
      <Filter>Interface Files</Filter>
    </ClInclude>
    <ClInclude Include="..\h\vd2\Riza\bitmap.h">
      <Filter>Interface Files</Filter>
    </ClInclude>
    <ClInclude Include="..\h\vd2\Riza\videocodec.h">
      <Filter>Interface Files</Filter>
    </ClInclude>
    <ClInclude Include="..\h\vd2\Riza\w32audiocodec.h">
      <Filter>Interface Files</Filter>
    </ClInclude>
  </ItemGroup>
  <ItemGroup>
    <YASM Include="source\a_resync.asm">
      <Filter>Assembly Files %28x86%29</Filter>
    </YASM>
  </ItemGroup>
  <ItemGroup>
    <None Include="h\cap_screen_glshaders.inl">
      <Filter>Autogenerated Header Files</Filter>
    </None>
  </ItemGroup>
</Project>