
Microsoft Visual Studio Solution File, Format Version 12.00
# Visual Studio Version 16
VisualStudioVersion = 16.0.31624.102
MinimumVisualStudioVersion = 10.0.40219.1
Project("{8BC9CEB8-8B4A-11D0-8D11-00A0C91BC942}") = "AltirraRMTC6502", "AltirraRMTC6502\AltirraRMTC6502.vcxproj", "{77FD9EDB-DFFF-4CE3-9D2F-6377067C9627}"
	ProjectSection(ProjectDependencies) = postProject
		{C2082189-3ECB-4079-91FA-89D3C8A305C0} = {C2082189-3ECB-4079-91FA-89D3C8A305C0}
		{B3C54D9A-6CBC-4A10-93EE-7A88B1B6E5AF} = {B3C54D9A-6CBC-4A10-93EE-7A88B1B6E5AF}
	EndProjectSection
EndProject
Project("{8BC9CEB8-8B4A-11D0-8D11-00A0C91BC942}") = "AltirraRMTPOKEY", "AltirraRMTPOKEY\AltirraRMTPOKEY.vcxproj", "{C1465515-EDDB-4C9D-AA3E-10E855CCF11A}"
	ProjectSection(ProjectDependencies) = postProject
		{AF613049-D4E2-4C65-ADEE-40DC037995CC} = {AF613049-D4E2-4C65-ADEE-40DC037995CC}
		{C2082189-3ECB-4079-91FA-89D3C8A305C0} = {C2082189-3ECB-4079-91FA-89D3C8A305C0}
		{B3C54D9A-6CBC-4A10-93EE-7A88B1B6E5AF} = {B3C54D9A-6CBC-4A10-93EE-7A88B1B6E5AF}
		{6A57C9F7-3591-4DD1-B697-96B174C848F5} = {6A57C9F7-3591-4DD1-B697-96B174C848F5}
	EndProjectSection
EndProject
Project("{8BC9CEB8-8B4A-11D0-8D11-00A0C91BC942}") = "ATCore", "ATCore\ATCore.vcxproj", "{B3C54D9A-6CBC-4A10-93EE-7A88B1B6E5AF}"
EndProject
Project("{8BC9CEB8-8B4A-11D0-8D11-00A0C91BC942}") = "system", "system\system.vcxproj", "{C2082189-3ECB-4079-91FA-89D3C8A305C0}"
EndProject
Project("{8BC9CEB8-8B4A-11D0-8D11-00A0C91BC942}") = "ATAudio", "ATAudio\ATAudio.vcxproj", "{6A57C9F7-3591-4DD1-B697-96B174C848F5}"
EndProject
Project("{8BC9CEB8-8B4A-11D0-8D11-00A0C91BC942}") = "Riza", "Riza\Riza.vcxproj", "{AF613049-D4E2-4C65-ADEE-40DC037995CC}"
EndProject
Project("{8BC9CEB8-8B4A-11D0-8D11-00A0C91BC942}") = "ATCPU", "ATCPU\ATCPU.vcxproj", "{27BE11EC-E0BE-4E86-AC21-69EC426B48FC}"
EndProject
Global
	GlobalSection(SolutionConfigurationPlatforms) = preSolution
		Analysis|x86 = Analysis|x86
		Debug|x86 = Debug|x86
		Profile|x86 = Profile|x86
		Release|x86 = Release|x86
	EndGlobalSection
	GlobalSection(ProjectConfigurationPlatforms) = postSolution
		{77FD9EDB-DFFF-4CE3-9D2F-6377067C9627}.Analysis|x86.ActiveCfg = Analysis|x64
		{77FD9EDB-DFFF-4CE3-9D2F-6377067C9627}.Analysis|x86.Build.0 = Analysis|x64
		{77FD9EDB-DFFF-4CE3-9D2F-6377067C9627}.Debug|x86.ActiveCfg = Debug|Win32
		{77FD9EDB-DFFF-4CE3-9D2F-6377067C9627}.Debug|x86.Build.0 = Debug|Win32
		{77FD9EDB-DFFF-4CE3-9D2F-6377067C9627}.Profile|x86.ActiveCfg = Profile|Win32
		{77FD9EDB-DFFF-4CE3-9D2F-6377067C9627}.Profile|x86.Build.0 = Profile|Win32
		{77FD9EDB-DFFF-4CE3-9D2F-6377067C9627}.Release|x86.ActiveCfg = Release|Win32
		{77FD9EDB-DFFF-4CE3-9D2F-6377067C9627}.Release|x86.Build.0 = Release|Win32
		{C1465515-EDDB-4C9D-AA3E-10E855CCF11A}.Analysis|x86.ActiveCfg = Analysis|x64
		{C1465515-EDDB-4C9D-AA3E-10E855CCF11A}.Analysis|x86.Build.0 = Analysis|x64
		{C1465515-EDDB-4C9D-AA3E-10E855CCF11A}.Debug|x86.ActiveCfg = Debug|Win32
		{C1465515-EDDB-4C9D-AA3E-10E855CCF11A}.Debug|x86.Build.0 = Debug|Win32
		{C1465515-EDDB-4C9D-AA3E-10E855CCF11A}.Profile|x86.ActiveCfg = Profile|Win32
		{C1465515-EDDB-4C9D-AA3E-10E855CCF11A}.Profile|x86.Build.0 = Profile|Win32
		{C1465515-EDDB-4C9D-AA3E-10E855CCF11A}.Release|x86.ActiveCfg = Release|Win32
		{C1465515-EDDB-4C9D-AA3E-10E855CCF11A}.Release|x86.Build.0 = Release|Win32
		{B3C54D9A-6CBC-4A10-93EE-7A88B1B6E5AF}.Analysis|x86.ActiveCfg = Analysis|x64
		{B3C54D9A-6CBC-4A10-93EE-7A88B1B6E5AF}.Analysis|x86.Build.0 = Analysis|x64
		{B3C54D9A-6CBC-4A10-93EE-7A88B1B6E5AF}.Debug|x86.ActiveCfg = Debug|Win32
		{B3C54D9A-6CBC-4A10-93EE-7A88B1B6E5AF}.Debug|x86.Build.0 = Debug|Win32
		{B3C54D9A-6CBC-4A10-93EE-7A88B1B6E5AF}.Profile|x86.ActiveCfg = Profile|Win32
		{B3C54D9A-6CBC-4A10-93EE-7A88B1B6E5AF}.Profile|x86.Build.0 = Profile|Win32
		{B3C54D9A-6CBC-4A10-93EE-7A88B1B6E5AF}.Release|x86.ActiveCfg = Release|Win32
		{B3C54D9A-6CBC-4A10-93EE-7A88B1B6E5AF}.Release|x86.Build.0 = Release|Win32
		{C2082189-3ECB-4079-91FA-89D3C8A305C0}.Analysis|x86.ActiveCfg = Analysis|x64
		{C2082189-3ECB-4079-91FA-89D3C8A305C0}.Analysis|x86.Build.0 = Analysis|x64
		{C2082189-3ECB-4079-91FA-89D3C8A305C0}.Debug|x86.ActiveCfg = Debug|Win32
		{C2082189-3ECB-4079-91FA-89D3C8A305C0}.Debug|x86.Build.0 = Debug|Win32
		{C2082189-3ECB-4079-91FA-89D3C8A305C0}.Profile|x86.ActiveCfg = Profile|Win32
		{C2082189-3ECB-4079-91FA-89D3C8A305C0}.Profile|x86.Build.0 = Profile|Win32
		{C2082189-3ECB-4079-91FA-89D3C8A305C0}.Release|x86.ActiveCfg = Release|Win32
		{C2082189-3ECB-4079-91FA-89D3C8A305C0}.Release|x86.Build.0 = Release|Win32
		{6A57C9F7-3591-4DD1-B697-96B174C848F5}.Analysis|x86.ActiveCfg = Analysis|x64
		{6A57C9F7-3591-4DD1-B697-96B174C848F5}.Analysis|x86.Build.0 = Analysis|x64
		{6A57C9F7-3591-4DD1-B697-96B174C848F5}.Debug|x86.ActiveCfg = Debug|Win32
		{6A57C9F7-3591-4DD1-B697-96B174C848F5}.Debug|x86.Build.0 = Debug|Win32
		{6A57C9F7-3591-4DD1-B697-96B174C848F5}.Profile|x86.ActiveCfg = Profile|Win32
		{6A57C9F7-3591-4DD1-B697-96B174C848F5}.Profile|x86.Build.0 = Profile|Win32
		{6A57C9F7-3591-4DD1-B697-96B174C848F5}.Release|x86.ActiveCfg = Release|Win32
		{6A57C9F7-3591-4DD1-B697-96B174C848F5}.Release|x86.Build.0 = Release|Win32
		{AF613049-D4E2-4C65-ADEE-40DC037995CC}.Analysis|x86.ActiveCfg = Analysis|x64
		{AF613049-D4E2-4C65-ADEE-40DC037995CC}.Analysis|x86.Build.0 = Analysis|x64
		{AF613049-D4E2-4C65-ADEE-40DC037995CC}.Debug|x86.ActiveCfg = Debug|Win32
		{AF613049-D4E2-4C65-ADEE-40DC037995CC}.Debug|x86.Build.0 = Debug|Win32
		{AF613049-D4E2-4C65-ADEE-40DC037995CC}.Profile|x86.ActiveCfg = Profile|Win32
		{AF613049-D4E2-4C65-ADEE-40DC037995CC}.Profile|x86.Build.0 = Profile|Win32
		{AF613049-D4E2-4C65-ADEE-40DC037995CC}.Release|x86.ActiveCfg = Release|Win32
		{AF613049-D4E2-4C65-ADEE-40DC037995CC}.Release|x86.Build.0 = Release|Win32
		{27BE11EC-E0BE-4E86-AC21-69EC426B48FC}.Analysis|x86.ActiveCfg = Analysis|x64
		{27BE11EC-E0BE-4E86-AC21-69EC426B48FC}.Analysis|x86.Build.0 = Analysis|x64
		{27BE11EC-E0BE-4E86-AC21-69EC426B48FC}.Debug|x86.ActiveCfg = Debug|Win32
		{27BE11EC-E0BE-4E86-AC21-69EC426B48FC}.Debug|x86.Build.0 = Debug|Win32
		{27BE11EC-E0BE-4E86-AC21-69EC426B48FC}.Profile|x86.ActiveCfg = Profile|Win32
		{27BE11EC-E0BE-4E86-AC21-69EC426B48FC}.Profile|x86.Build.0 = Profile|Win32
		{27BE11EC-E0BE-4E86-AC21-69EC426B48FC}.Release|x86.ActiveCfg = Release|Win32
		{27BE11EC-E0BE-4E86-AC21-69EC426B48FC}.Release|x86.Build.0 = Release|Win32
	EndGlobalSection
	GlobalSection(SolutionProperties) = preSolution
		HideSolutionNode = FALSE
	EndGlobalSection
	GlobalSection(ExtensibilityGlobals) = postSolution
		SolutionGuid = {6B4A1D6A-8FA8-45D7-8BDA-86F1EE26127B}
	EndGlobalSection
EndGlobal
